
Microsoft Visual Studio Solution File, Format Version 12.00
# Visual Studio 14
VisualStudioVersion = 14.0.25420.1
MinimumVisualStudioVersion = 10.0.40219.1
Project("{2150E333-8FDC-42A3-9474-1A3956D46DE8}") = "src", "src", "{4549E62C-19B2-4E7E-AA09-A3BB75A045C3}"
EndProject
Project("{2150E333-8FDC-42A3-9474-1A3956D46DE8}") = "Solution Items", "Solution Items", "{C56C6EC5-7980-477A-B4D6-809620450BEE}"
	ProjectSection(SolutionItems) = preProject
		global.json = global.json
	EndProjectSection
EndProject
Project("{8BB2217D-0F2D-49D1-97BC-3654ED321F3B}") = "DD-Core", "src\DD-Core\DD-Core.xproj", "{0726343E-38D3-4C85-A53A-82F749845777}"
EndProject
Global
	GlobalSection(SolutionConfigurationPlatforms) = preSolution
		Debug|Any CPU = Debug|Any CPU
		Release|Any CPU = Release|Any CPU
	EndGlobalSection
	GlobalSection(ProjectConfigurationPlatforms) = postSolution
		{0726343E-38D3-4C85-A53A-82F749845777}.Debug|Any CPU.ActiveCfg = Debug|Any CPU
		{0726343E-38D3-4C85-A53A-82F749845777}.Debug|Any CPU.Build.0 = Debug|Any CPU
		{0726343E-38D3-4C85-A53A-82F749845777}.Release|Any CPU.ActiveCfg = Release|Any CPU
		{0726343E-38D3-4C85-A53A-82F749845777}.Release|Any CPU.Build.0 = Release|Any CPU
	EndGlobalSection
	GlobalSection(SolutionProperties) = preSolution
		HideSolutionNode = FALSE
	EndGlobalSection
	GlobalSection(NestedProjects) = preSolution
		{0726343E-38D3-4C85-A53A-82F749845777} = {4549E62C-19B2-4E7E-AA09-A3BB75A045C3}
	EndGlobalSection
EndGlobal
